
Microsoft Visual Studio Solution File, Format Version 12.00
# Visual Studio 15
VisualStudioVersion = 15.0.27130.2010
MinimumVisualStudioVersion = 10.0.40219.1
Project("{FAE04EC0-301F-11D3-BF4B-00C04F79EFBC}") = "Decked.Core", "Decked.Core\Decked.Core.csproj", "{1968F79F-9CBD-4635-A714-8657E9AA9750}"
EndProject
Project("{FAE04EC0-301F-11D3-BF4B-00C04F79EFBC}") = "Decked.Interfaces", "Decked.Interfaces\Decked.Interfaces.csproj", "{2681B4D4-402E-4A2D-AF55-F740DCC25D13}"
EndProject
Project("{FAE04EC0-301F-11D3-BF4B-00C04F79EFBC}") = "Decked.UI.Console", "Decked.UI.Console\Decked.UI.Console.csproj", "{FFD9B441-2E62-4FF8-906E-43EDBCC28192}"
EndProject
Project("{2150E333-8FDC-42A3-9474-1A3956D46DE8}") = "Solution Items", "Solution Items", "{20C1200E-5EAD-4C31-AFFA-0C1242E99B97}"
	ProjectSection(SolutionItems) = preProject
		LICENSE.md = LICENSE.md
		README.md = README.md
	EndProjectSection
EndProject
Project("{FAE04EC0-301F-11D3-BF4B-00C04F79EFBC}") = "Decked.Example.Notepad", "Decked.Example.Notepad\Decked.Example.Notepad.csproj", "{94439FE5-E1EE-423D-89EE-15F9A48211CF}"
EndProject
Project("{FAE04EC0-301F-11D3-BF4B-00C04F79EFBC}") = "Decked.BuiltIn", "Decked.BuiltIn\Decked.BuiltIn.csproj", "{4AFCB49E-6507-4BFB-A7F9-627C2EEC202D}"
EndProject
Project("{FAE04EC0-301F-11D3-BF4B-00C04F79EFBC}") = "Decked.BuildingBlocks", "Decked.BuildingBlocks\Decked.BuildingBlocks.csproj", "{313A03C5-BEAC-42A8-AB03-4BC2B9A97FD3}"
EndProject
Project("{FAE04EC0-301F-11D3-BF4B-00C04F79EFBC}") = "Decked.Devices", "Decked.Devices\Decked.Devices.csproj", "{33CE687D-4F96-4EE9-9B61-DE5C43DE1CB9}"
EndProject
Global
	GlobalSection(SolutionConfigurationPlatforms) = preSolution
		Debug|Any CPU = Debug|Any CPU
		Release|Any CPU = Release|Any CPU
	EndGlobalSection
	GlobalSection(ProjectConfigurationPlatforms) = postSolution
		{1968F79F-9CBD-4635-A714-8657E9AA9750}.Debug|Any CPU.ActiveCfg = Debug|Any CPU
		{1968F79F-9CBD-4635-A714-8657E9AA9750}.Debug|Any CPU.Build.0 = Debug|Any CPU
		{1968F79F-9CBD-4635-A714-8657E9AA9750}.Release|Any CPU.ActiveCfg = Release|Any CPU
		{1968F79F-9CBD-4635-A714-8657E9AA9750}.Release|Any CPU.Build.0 = Release|Any CPU
		{2681B4D4-402E-4A2D-AF55-F740DCC25D13}.Debug|Any CPU.ActiveCfg = Debug|Any CPU
		{2681B4D4-402E-4A2D-AF55-F740DCC25D13}.Debug|Any CPU.Build.0 = Debug|Any CPU
		{2681B4D4-402E-4A2D-AF55-F740DCC25D13}.Release|Any CPU.ActiveCfg = Release|Any CPU
		{2681B4D4-402E-4A2D-AF55-F740DCC25D13}.Release|Any CPU.Build.0 = Release|Any CPU
		{FFD9B441-2E62-4FF8-906E-43EDBCC28192}.Debug|Any CPU.ActiveCfg = Debug|Any CPU
		{FFD9B441-2E62-4FF8-906E-43EDBCC28192}.Debug|Any CPU.Build.0 = Debug|Any CPU
		{FFD9B441-2E62-4FF8-906E-43EDBCC28192}.Release|Any CPU.ActiveCfg = Release|Any CPU
		{FFD9B441-2E62-4FF8-906E-43EDBCC28192}.Release|Any CPU.Build.0 = Release|Any CPU
		{94439FE5-E1EE-423D-89EE-15F9A48211CF}.Debug|Any CPU.ActiveCfg = Debug|Any CPU
		{94439FE5-E1EE-423D-89EE-15F9A48211CF}.Debug|Any CPU.Build.0 = Debug|Any CPU
		{94439FE5-E1EE-423D-89EE-15F9A48211CF}.Release|Any CPU.ActiveCfg = Release|Any CPU
		{94439FE5-E1EE-423D-89EE-15F9A48211CF}.Release|Any CPU.Build.0 = Release|Any CPU
		{4AFCB49E-6507-4BFB-A7F9-627C2EEC202D}.Debug|Any CPU.ActiveCfg = Debug|Any CPU
		{4AFCB49E-6507-4BFB-A7F9-627C2EEC202D}.Debug|Any CPU.Build.0 = Debug|Any CPU
		{4AFCB49E-6507-4BFB-A7F9-627C2EEC202D}.Release|Any CPU.ActiveCfg = Release|Any CPU
		{4AFCB49E-6507-4BFB-A7F9-627C2EEC202D}.Release|Any CPU.Build.0 = Release|Any CPU
		{313A03C5-BEAC-42A8-AB03-4BC2B9A97FD3}.Debug|Any CPU.ActiveCfg = Debug|Any CPU
		{313A03C5-BEAC-42A8-AB03-4BC2B9A97FD3}.Debug|Any CPU.Build.0 = Debug|Any CPU
		{313A03C5-BEAC-42A8-AB03-4BC2B9A97FD3}.Release|Any CPU.ActiveCfg = Release|Any CPU
		{313A03C5-BEAC-42A8-AB03-4BC2B9A97FD3}.Release|Any CPU.Build.0 = Release|Any CPU
		{33CE687D-4F96-4EE9-9B61-DE5C43DE1CB9}.Debug|Any CPU.ActiveCfg = Debug|Any CPU
		{33CE687D-4F96-4EE9-9B61-DE5C43DE1CB9}.Debug|Any CPU.Build.0 = Debug|Any CPU
		{33CE687D-4F96-4EE9-9B61-DE5C43DE1CB9}.Release|Any CPU.ActiveCfg = Release|Any CPU
		{33CE687D-4F96-4EE9-9B61-DE5C43DE1CB9}.Release|Any CPU.Build.0 = Release|Any CPU
	EndGlobalSection
	GlobalSection(SolutionProperties) = preSolution
		HideSolutionNode = FALSE
	EndGlobalSection
	GlobalSection(ExtensibilityGlobals) = postSolution
		SolutionGuid = {6F70CF5D-273C-4687-B22A-D11915866ECF}
	EndGlobalSection
EndGlobal
